
Microsoft Visual Studio Solution File, Format Version 12.00
# Visual Studio Version 17
VisualStudioVersion = 17.2.32630.192
MinimumVisualStudioVersion = 10.0.40219.1
Project("{9A19103F-16F7-4668-BE54-9A1E7A4F7556}") = "LegionApp", "LEgionApp\LegionApp.csproj", "{A87079A1-BFF5-4422-969F-02E9DB486E83}"
EndProject
Global
	GlobalSection(SolutionConfigurationPlatforms) = preSolution
		Debug|Any CPU = Debug|Any CPU
		Release|Any CPU = Release|Any CPU
	EndGlobalSection
	GlobalSection(ProjectConfigurationPlatforms) = postSolution
		{A87079A1-BFF5-4422-969F-02E9DB486E83}.Debug|Any CPU.ActiveCfg = Debug|Any CPU
		{A87079A1-BFF5-4422-969F-02E9DB486E83}.Debug|Any CPU.Build.0 = Debug|Any CPU
		{A87079A1-BFF5-4422-969F-02E9DB486E83}.Release|Any CPU.ActiveCfg = Release|Any CPU
		{A87079A1-BFF5-4422-969F-02E9DB486E83}.Release|Any CPU.Build.0 = Release|Any CPU
	EndGlobalSection
	GlobalSection(SolutionProperties) = preSolution
		HideSolutionNode = FALSE
	EndGlobalSection
	GlobalSection(ExtensibilityGlobals) = postSolution
		SolutionGuid = {62FDF75F-1476-472F-8E6F-0E30A634E30A}
	EndGlobalSection
EndGlobal
